
Microsoft Visual Studio Solution File, Format Version 12.00
# Visual Studio Version 16
VisualStudioVersion = 16.0.31702.278
MinimumVisualStudioVersion = 10.0.40219.1
Project("{9A19103F-16F7-4668-BE54-9A1E7A4F7556}") = "OnlineStore.WebUI", "OnlineStore\OnlineStore.WebUI.csproj", "{CE87743F-699B-454A-9BCB-12A72B2E7756}"
EndProject
Project("{FAE04EC0-301F-11D3-BF4B-00C04F79EFBC}") = "OnlineStore.Domain", "OnlineStore.Domain\OnlineStore.Domain.csproj", "{D83ADCAE-9375-425D-A191-F2752776EC4A}"
EndProject
Global
	GlobalSection(SolutionConfigurationPlatforms) = preSolution
		Debug|Any CPU = Debug|Any CPU
		Release|Any CPU = Release|Any CPU
	EndGlobalSection
	GlobalSection(ProjectConfigurationPlatforms) = postSolution
		{CE87743F-699B-454A-9BCB-12A72B2E7756}.Debug|Any CPU.ActiveCfg = Debug|Any CPU
		{CE87743F-699B-454A-9BCB-12A72B2E7756}.Debug|Any CPU.Build.0 = Debug|Any CPU
		{CE87743F-699B-454A-9BCB-12A72B2E7756}.Release|Any CPU.ActiveCfg = Release|Any CPU
		{CE87743F-699B-454A-9BCB-12A72B2E7756}.Release|Any CPU.Build.0 = Release|Any CPU
		{D83ADCAE-9375-425D-A191-F2752776EC4A}.Debug|Any CPU.ActiveCfg = Debug|Any CPU
		{D83ADCAE-9375-425D-A191-F2752776EC4A}.Debug|Any CPU.Build.0 = Debug|Any CPU
		{D83ADCAE-9375-425D-A191-F2752776EC4A}.Release|Any CPU.ActiveCfg = Release|Any CPU
		{D83ADCAE-9375-425D-A191-F2752776EC4A}.Release|Any CPU.Build.0 = Release|Any CPU
	EndGlobalSection
	GlobalSection(SolutionProperties) = preSolution
		HideSolutionNode = FALSE
	EndGlobalSection
	GlobalSection(ExtensibilityGlobals) = postSolution
		SolutionGuid = {A36C1E0E-FD1C-4BB3-A9CB-9E68F984F2E7}
	EndGlobalSection
EndGlobal
